Microsoft Visual Studio Solution File, Format Version 12.00
# Visual Studio Version 17
VisualStudioVersion = 17.5.2.0
MinimumVisualStudioVersion = 10.0.40219.1
Project("{FAE04EC0-301F-11D3-BF4B-00C04F79EFBC}") = "Giger", "Giger.csproj", "{10B2665C-E539-C041-6A3F-1C1D98725812}"
EndProject
Global
	GlobalSection(SolutionConfigurationPlatforms) = preSolution
		Debug|Any CPU = Debug|Any CPU
		Release|Any CPU = Release|Any CPU
	EndGlobalSection
	GlobalSection(ProjectConfigurationPlatforms) = postSolution
		{10B2665C-E539-C041-6A3F-1C1D98725812}.Debug|Any CPU.ActiveCfg = Debug|Any CPU
		{10B2665C-E539-C041-6A3F-1C1D98725812}.Debug|Any CPU.Build.0 = Debug|Any CPU
		{10B2665C-E539-C041-6A3F-1C1D98725812}.Release|Any CPU.ActiveCfg = Release|Any CPU
		{10B2665C-E539-C041-6A3F-1C1D98725812}.Release|Any CPU.Build.0 = Release|Any CPU
	EndGlobalSection
	GlobalSection(SolutionProperties) = preSolution
		HideSolutionNode = FALSE
	EndGlobalSection
	GlobalSection(ExtensibilityGlobals) = postSolution
		SolutionGuid = {F333B907-E5F5-4FF6-B648-C8430CC9FEE1}
	EndGlobalSection
EndGlobal
