
Microsoft Visual Studio Solution File, Format Version 12.00
# Visual Studio Version 17
VisualStudioVersion = 17.8.34316.72
MinimumVisualStudioVersion = 10.0.40219.1
Project("{FAE04EC0-301F-11D3-BF4B-00C04F79EFBC}") = "Giger", "Giger\Giger.csproj", "{8ADE0AE5-1EEB-4204-A7E5-802FEE09013C}"
EndProject
Global
	GlobalSection(SolutionConfigurationPlatforms) = preSolution
		Debug|Any CPU = Debug|Any CPU
		Release|Any CPU = Release|Any CPU
	EndGlobalSection
	GlobalSection(ProjectConfigurationPlatforms) = postSolution
		{8ADE0AE5-1EEB-4204-A7E5-802FEE09013C}.Debug|Any CPU.ActiveCfg = Debug|Any CPU
		{8ADE0AE5-1EEB-4204-A7E5-802FEE09013C}.Debug|Any CPU.Build.0 = Debug|Any CPU
		{8ADE0AE5-1EEB-4204-A7E5-802FEE09013C}.Release|Any CPU.ActiveCfg = Release|Any CPU
		{8ADE0AE5-1EEB-4204-A7E5-802FEE09013C}.Release|Any CPU.Build.0 = Release|Any CPU
	EndGlobalSection
	GlobalSection(SolutionProperties) = preSolution
		HideSolutionNode = FALSE
	EndGlobalSection
	GlobalSection(ExtensibilityGlobals) = postSolution
		SolutionGuid = {C20EFB6A-A26B-411B-A20A-DEA30EE20A33}
	EndGlobalSection
EndGlobal
